
Microsoft Visual Studio Solution File, Format Version 12.00
# Visual Studio Version 17
VisualStudioVersion = 17.6.33815.320
MinimumVisualStudioVersion = 10.0.40219.1
Project("{FAE04EC0-301F-11D3-BF4B-00C04F79EFBC}") = "BankTransactions", "BankTransactions.csproj", "{041709EE-2882-4EE3-A836-5DBE1D06FF69}"
EndProject
Project("{2150E333-8FDC-42A3-9474-1A3956D46DE8}") = "Solution Items", "Solution Items", "{E1C32334-7BBC-41E9-A8A9-049B91DC6E41}"
	ProjectSection(SolutionItems) = preProject
		.editorconfig = .editorconfig
	EndProjectSection
EndProject
Global
	GlobalSection(SolutionConfigurationPlatforms) = preSolution
		Debug|Any CPU = Debug|Any CPU
		Release|Any CPU = Release|Any CPU
	EndGlobalSection
	GlobalSection(ProjectConfigurationPlatforms) = postSolution
		{041709EE-2882-4EE3-A836-5DBE1D06FF69}.Debug|Any CPU.ActiveCfg = Debug|Any CPU
		{041709EE-2882-4EE3-A836-5DBE1D06FF69}.Debug|Any CPU.Build.0 = Debug|Any CPU
		{041709EE-2882-4EE3-A836-5DBE1D06FF69}.Release|Any CPU.ActiveCfg = Release|Any CPU
		{041709EE-2882-4EE3-A836-5DBE1D06FF69}.Release|Any CPU.Build.0 = Release|Any CPU
	EndGlobalSection
	GlobalSection(SolutionProperties) = preSolution
		HideSolutionNode = FALSE
	EndGlobalSection
	GlobalSection(ExtensibilityGlobals) = postSolution
		SolutionGuid = {7C7C26B3-73A0-409B-A731-1992B872A9C2}
	EndGlobalSection
EndGlobal
